
Microsoft Visual Studio Solution File, Format Version 12.00
# Visual Studio 15
Project("{FAE04EC0-301F-11D3-BF4B-00C04F79EFBC}") = "hacka-getnet", "hacka-getnet\hacka-getnet.csproj", "{D971BEBB-20EA-4D1F-ADD1-6AB91F728885}"
EndProject
Global
	GlobalSection(SolutionConfigurationPlatforms) = preSolution
		Debug|Any CPU = Debug|Any CPU
		Release|Any CPU = Release|Any CPU
	EndGlobalSection
	GlobalSection(ProjectConfigurationPlatforms) = postSolution
		{D971BEBB-20EA-4D1F-ADD1-6AB91F728885}.Debug|Any CPU.ActiveCfg = Debug|Any CPU
		{D971BEBB-20EA-4D1F-ADD1-6AB91F728885}.Debug|Any CPU.Build.0 = Debug|Any CPU
		{D971BEBB-20EA-4D1F-ADD1-6AB91F728885}.Release|Any CPU.ActiveCfg = Release|Any CPU
		{D971BEBB-20EA-4D1F-ADD1-6AB91F728885}.Release|Any CPU.Build.0 = Release|Any CPU
	EndGlobalSection
EndGlobal
